
Microsoft Visual Studio Solution File, Format Version 12.00
# Visual Studio Version 17
VisualStudioVersion = 17.5.33516.290
MinimumVisualStudioVersion = 10.0.40219.1
Project("{2150E333-8FDC-42A3-9474-1A3956D46DE8}") = "Host", "Host", "{1322D580-047B-4F7E-9946-4F03A5ABB8EC}"
EndProject
Project("{2150E333-8FDC-42A3-9474-1A3956D46DE8}") = "Infrastructure", "Infrastructure", "{98BF3212-89D8-46FD-8334-ED5C8140B086}"
EndProject
Project("{2150E333-8FDC-42A3-9474-1A3956D46DE8}") = "Services", "Services", "{09390BD4-F34E-43B9-B5D6-63DD753BD2E2}"
EndProject
Project("{9A19103F-16F7-4668-BE54-9A1E7A4F7556}") = "EPRPlatform.API.Repository", "Infrastructure\EPRPlatform.API.Repository\EPRPlatform.API.Repository.csproj", "{3FEEA303-8E22-4CA8-A683-3D1F4ED89C4A}"
EndProject
Project("{9A19103F-16F7-4668-BE54-9A1E7A4F7556}") = "EPRPlatform.API.Models", "Infrastructure\EPRPlatform.API.Models\EPRPlatform.API.Models.csproj", "{8FCAA5E9-83C0-428C-ABC7-C1A192FE91F5}"
EndProject
Project("{9A19103F-16F7-4668-BE54-9A1E7A4F7556}") = "EPRPlatform.API.Method", "Infrastructure\EPRPlatform.API.Method\EPRPlatform.API.Method.csproj", "{113484AA-4524-4CAC-B497-B3E3C972E408}"
EndProject
Project("{9A19103F-16F7-4668-BE54-9A1E7A4F7556}") = "EPRPlatform.API.Gateway", "Services\EPRPlatform.API.Gateway\EPRPlatform.API.Gateway.csproj", "{1DE138E7-771D-4D49-B606-6358070D91C1}"
EndProject
Project("{9A19103F-16F7-4668-BE54-9A1E7A4F7556}") = "EPRPlatform.API.Auth", "Services\EPRPlatform.API.Auth\EPRPlatform.API.Auth.csproj", "{CC1E0E39-65D8-44D2-A793-60F3118A2EAF}"
EndProject
Project("{9A19103F-16F7-4668-BE54-9A1E7A4F7556}") = "EPRPlatform.API.Host", "Host\EPRPlatform.API.Host\EPRPlatform.API.Host.csproj", "{FDF82ADF-6BDF-453A-B3F3-5F1453A54E5B}"
EndProject
Project("{9A19103F-16F7-4668-BE54-9A1E7A4F7556}") = "EPRPlatform.API.Dictionary", "Infrastructure\EPRPlatform.API.Dictionary\EPRPlatform.API.Dictionary.csproj", "{1E385B52-406A-469E-9D5A-CD8FB259EA10}"
EndProject
Project("{9A19103F-16F7-4668-BE54-9A1E7A4F7556}") = "EPRPlatform.API.File", "Services\EPRPlatform.API.File\EPRPlatform.API.File.csproj", "{BEE2268E-569C-4C17-98A1-409662EF1A77}"
EndProject
Project("{9A19103F-16F7-4668-BE54-9A1E7A4F7556}") = "EPRPlatform.API.Interfaces", "Infrastructure\EPRPlatform.API.Interfaces\EPRPlatform.API.Interfaces.csproj", "{D413CF89-A2EC-4AD8-8A8E-84F246A6E996}"
EndProject
Project("{9A19103F-16F7-4668-BE54-9A1E7A4F7556}") = "EPRPlatform.API.Extend", "Infrastructure\EPRPlatform.API.Extend\EPRPlatform.API.Extend.csproj", "{4A4B4870-31CA-404F-804C-0BF3890B7057}"
EndProject
Project("{9A19103F-16F7-4668-BE54-9A1E7A4F7556}") = "EPRPlatform.API.Dto", "Infrastructure\EPRPlatform.API.Dto\EPRPlatform.API.Dto.csproj", "{C1446A31-6E33-405E-81E4-458E7DC35304}"
EndProject
Project("{FAE04EC0-301F-11D3-BF4B-00C04F79EFBC}") = "EPRPlatform.API.Base", "Services\EPRPlatform.API.Base\EPRPlatform.API.Base.csproj", "{3A7BABEE-4415-4BBA-80ED-831B16F23711}"
EndProject
Global
	GlobalSection(SolutionConfigurationPlatforms) = preSolution
		Debug|Any CPU = Debug|Any CPU
		Release|Any CPU = Release|Any CPU
	EndGlobalSection
	GlobalSection(ProjectConfigurationPlatforms) = postSolution
		{3FEEA303-8E22-4CA8-A683-3D1F4ED89C4A}.Debug|Any CPU.ActiveCfg = Debug|Any CPU
		{3FEEA303-8E22-4CA8-A683-3D1F4ED89C4A}.Debug|Any CPU.Build.0 = Debug|Any CPU
		{3FEEA303-8E22-4CA8-A683-3D1F4ED89C4A}.Release|Any CPU.ActiveCfg = Release|Any CPU
		{3FEEA303-8E22-4CA8-A683-3D1F4ED89C4A}.Release|Any CPU.Build.0 = Release|Any CPU
		{8FCAA5E9-83C0-428C-ABC7-C1A192FE91F5}.Debug|Any CPU.ActiveCfg = Debug|Any CPU
		{8FCAA5E9-83C0-428C-ABC7-C1A192FE91F5}.Debug|Any CPU.Build.0 = Debug|Any CPU
		{8FCAA5E9-83C0-428C-ABC7-C1A192FE91F5}.Release|Any CPU.ActiveCfg = Release|Any CPU
		{8FCAA5E9-83C0-428C-ABC7-C1A192FE91F5}.Release|Any CPU.Build.0 = Release|Any CPU
		{113484AA-4524-4CAC-B497-B3E3C972E408}.Debug|Any CPU.ActiveCfg = Debug|Any CPU
		{113484AA-4524-4CAC-B497-B3E3C972E408}.Debug|Any CPU.Build.0 = Debug|Any CPU
		{113484AA-4524-4CAC-B497-B3E3C972E408}.Release|Any CPU.ActiveCfg = Release|Any CPU
		{113484AA-4524-4CAC-B497-B3E3C972E408}.Release|Any CPU.Build.0 = Release|Any CPU
		{1DE138E7-771D-4D49-B606-6358070D91C1}.Debug|Any CPU.ActiveCfg = Debug|Any CPU
		{1DE138E7-771D-4D49-B606-6358070D91C1}.Debug|Any CPU.Build.0 = Debug|Any CPU
		{1DE138E7-771D-4D49-B606-6358070D91C1}.Release|Any CPU.ActiveCfg = Release|Any CPU
		{1DE138E7-771D-4D49-B606-6358070D91C1}.Release|Any CPU.Build.0 = Release|Any CPU
		{CC1E0E39-65D8-44D2-A793-60F3118A2EAF}.Debug|Any CPU.ActiveCfg = Debug|Any CPU
		{CC1E0E39-65D8-44D2-A793-60F3118A2EAF}.Debug|Any CPU.Build.0 = Debug|Any CPU
		{CC1E0E39-65D8-44D2-A793-60F3118A2EAF}.Release|Any CPU.ActiveCfg = Release|Any CPU
		{CC1E0E39-65D8-44D2-A793-60F3118A2EAF}.Release|Any CPU.Build.0 = Release|Any CPU
		{FDF82ADF-6BDF-453A-B3F3-5F1453A54E5B}.Debug|Any CPU.ActiveCfg = Debug|Any CPU
		{FDF82ADF-6BDF-453A-B3F3-5F1453A54E5B}.Debug|Any CPU.Build.0 = Debug|Any CPU
		{FDF82ADF-6BDF-453A-B3F3-5F1453A54E5B}.Release|Any CPU.ActiveCfg = Release|Any CPU
		{FDF82ADF-6BDF-453A-B3F3-5F1453A54E5B}.Release|Any CPU.Build.0 = Release|Any CPU
		{1E385B52-406A-469E-9D5A-CD8FB259EA10}.Debug|Any CPU.ActiveCfg = Debug|Any CPU
		{1E385B52-406A-469E-9D5A-CD8FB259EA10}.Debug|Any CPU.Build.0 = Debug|Any CPU
		{1E385B52-406A-469E-9D5A-CD8FB259EA10}.Release|Any CPU.ActiveCfg = Release|Any CPU
		{1E385B52-406A-469E-9D5A-CD8FB259EA10}.Release|Any CPU.Build.0 = Release|Any CPU
		{BEE2268E-569C-4C17-98A1-409662EF1A77}.Debug|Any CPU.ActiveCfg = Debug|Any CPU
		{BEE2268E-569C-4C17-98A1-409662EF1A77}.Debug|Any CPU.Build.0 = Debug|Any CPU
		{BEE2268E-569C-4C17-98A1-409662EF1A77}.Release|Any CPU.ActiveCfg = Release|Any CPU
		{BEE2268E-569C-4C17-98A1-409662EF1A77}.Release|Any CPU.Build.0 = Release|Any CPU
		{D413CF89-A2EC-4AD8-8A8E-84F246A6E996}.Debug|Any CPU.ActiveCfg = Debug|Any CPU
		{D413CF89-A2EC-4AD8-8A8E-84F246A6E996}.Debug|Any CPU.Build.0 = Debug|Any CPU
		{D413CF89-A2EC-4AD8-8A8E-84F246A6E996}.Release|Any CPU.ActiveCfg = Release|Any CPU
		{D413CF89-A2EC-4AD8-8A8E-84F246A6E996}.Release|Any CPU.Build.0 = Release|Any CPU
		{4A4B4870-31CA-404F-804C-0BF3890B7057}.Debug|Any CPU.ActiveCfg = Debug|Any CPU
		{4A4B4870-31CA-404F-804C-0BF3890B7057}.Debug|Any CPU.Build.0 = Debug|Any CPU
		{4A4B4870-31CA-404F-804C-0BF3890B7057}.Release|Any CPU.ActiveCfg = Release|Any CPU
		{4A4B4870-31CA-404F-804C-0BF3890B7057}.Release|Any CPU.Build.0 = Release|Any CPU
		{C1446A31-6E33-405E-81E4-458E7DC35304}.Debug|Any CPU.ActiveCfg = Debug|Any CPU
		{C1446A31-6E33-405E-81E4-458E7DC35304}.Debug|Any CPU.Build.0 = Debug|Any CPU
		{C1446A31-6E33-405E-81E4-458E7DC35304}.Release|Any CPU.ActiveCfg = Release|Any CPU
		{C1446A31-6E33-405E-81E4-458E7DC35304}.Release|Any CPU.Build.0 = Release|Any CPU
		{3A7BABEE-4415-4BBA-80ED-831B16F23711}.Debug|Any CPU.ActiveCfg = Debug|Any CPU
		{3A7BABEE-4415-4BBA-80ED-831B16F23711}.Debug|Any CPU.Build.0 = Debug|Any CPU
		{3A7BABEE-4415-4BBA-80ED-831B16F23711}.Release|Any CPU.ActiveCfg = Release|Any CPU
		{3A7BABEE-4415-4BBA-80ED-831B16F23711}.Release|Any CPU.Build.0 = Release|Any CPU
	EndGlobalSection
	GlobalSection(SolutionProperties) = preSolution
		HideSolutionNode = FALSE
	EndGlobalSection
	GlobalSection(NestedProjects) = preSolution
		{3FEEA303-8E22-4CA8-A683-3D1F4ED89C4A} = {98BF3212-89D8-46FD-8334-ED5C8140B086}
		{8FCAA5E9-83C0-428C-ABC7-C1A192FE91F5} = {98BF3212-89D8-46FD-8334-ED5C8140B086}
		{113484AA-4524-4CAC-B497-B3E3C972E408} = {98BF3212-89D8-46FD-8334-ED5C8140B086}
		{1DE138E7-771D-4D49-B606-6358070D91C1} = {09390BD4-F34E-43B9-B5D6-63DD753BD2E2}
		{CC1E0E39-65D8-44D2-A793-60F3118A2EAF} = {09390BD4-F34E-43B9-B5D6-63DD753BD2E2}
		{FDF82ADF-6BDF-453A-B3F3-5F1453A54E5B} = {1322D580-047B-4F7E-9946-4F03A5ABB8EC}
		{1E385B52-406A-469E-9D5A-CD8FB259EA10} = {98BF3212-89D8-46FD-8334-ED5C8140B086}
		{BEE2268E-569C-4C17-98A1-409662EF1A77} = {09390BD4-F34E-43B9-B5D6-63DD753BD2E2}
		{D413CF89-A2EC-4AD8-8A8E-84F246A6E996} = {98BF3212-89D8-46FD-8334-ED5C8140B086}
		{4A4B4870-31CA-404F-804C-0BF3890B7057} = {98BF3212-89D8-46FD-8334-ED5C8140B086}
		{C1446A31-6E33-405E-81E4-458E7DC35304} = {98BF3212-89D8-46FD-8334-ED5C8140B086}
		{3A7BABEE-4415-4BBA-80ED-831B16F23711} = {09390BD4-F34E-43B9-B5D6-63DD753BD2E2}
	EndGlobalSection
	GlobalSection(ExtensibilityGlobals) = postSolution
		SolutionGuid = {F3395460-CF7B-4B28-BD17-B9E70D935AD6}
	EndGlobalSection
EndGlobal
